
Microsoft Visual Studio Solution File, Format Version 12.00
# Visual Studio Version 17
VisualStudioVersion = 17.0.32014.148
MinimumVisualStudioVersion = 10.0.40219.1
Project("{9A19103F-16F7-4668-BE54-9A1E7A4F7556}") = "BL", "BL\BL.csproj", "{2CD0EE40-0BBE-4C9F-B0B4-A7543D5505DE}"
EndProject
Project("{9A19103F-16F7-4668-BE54-9A1E7A4F7556}") = "DL", "DL\DL.csproj", "{4C56A35F-920C-4FCC-9F49-62D351D4E5AB}"
EndProject
Project("{9A19103F-16F7-4668-BE54-9A1E7A4F7556}") = "Models", "Models\Models.csproj", "{0AEC39E1-509B-4C59-9BB4-210F9B121B23}"
EndProject
Project("{9A19103F-16F7-4668-BE54-9A1E7A4F7556}") = "Tests", "Tests\Tests.csproj", "{F317F20E-6C30-4075-A0D3-63F4362CE99C}"
EndProject
Project("{FAE04EC0-301F-11D3-BF4B-00C04F79EFBC}") = "WebApi", "WebApi\WebApi.csproj", "{23D1E9F9-3A1E-4963-8419-879434BA7EA1}"
EndProject
Global
	GlobalSection(SolutionConfigurationPlatforms) = preSolution
		Debug|Any CPU = Debug|Any CPU
		Release|Any CPU = Release|Any CPU
	EndGlobalSection
	GlobalSection(ProjectConfigurationPlatforms) = postSolution
		{2CD0EE40-0BBE-4C9F-B0B4-A7543D5505DE}.Debug|Any CPU.ActiveCfg = Debug|Any CPU
		{2CD0EE40-0BBE-4C9F-B0B4-A7543D5505DE}.Debug|Any CPU.Build.0 = Debug|Any CPU
		{2CD0EE40-0BBE-4C9F-B0B4-A7543D5505DE}.Release|Any CPU.ActiveCfg = Release|Any CPU
		{2CD0EE40-0BBE-4C9F-B0B4-A7543D5505DE}.Release|Any CPU.Build.0 = Release|Any CPU
		{4C56A35F-920C-4FCC-9F49-62D351D4E5AB}.Debug|Any CPU.ActiveCfg = Debug|Any CPU
		{4C56A35F-920C-4FCC-9F49-62D351D4E5AB}.Debug|Any CPU.Build.0 = Debug|Any CPU
		{4C56A35F-920C-4FCC-9F49-62D351D4E5AB}.Release|Any CPU.ActiveCfg = Release|Any CPU
		{4C56A35F-920C-4FCC-9F49-62D351D4E5AB}.Release|Any CPU.Build.0 = Release|Any CPU
		{0AEC39E1-509B-4C59-9BB4-210F9B121B23}.Debug|Any CPU.ActiveCfg = Debug|Any CPU
		{0AEC39E1-509B-4C59-9BB4-210F9B121B23}.Debug|Any CPU.Build.0 = Debug|Any CPU
		{0AEC39E1-509B-4C59-9BB4-210F9B121B23}.Release|Any CPU.ActiveCfg = Release|Any CPU
		{0AEC39E1-509B-4C59-9BB4-210F9B121B23}.Release|Any CPU.Build.0 = Release|Any CPU
		{F317F20E-6C30-4075-A0D3-63F4362CE99C}.Debug|Any CPU.ActiveCfg = Debug|Any CPU
		{F317F20E-6C30-4075-A0D3-63F4362CE99C}.Debug|Any CPU.Build.0 = Debug|Any CPU
		{F317F20E-6C30-4075-A0D3-63F4362CE99C}.Release|Any CPU.ActiveCfg = Release|Any CPU
		{F317F20E-6C30-4075-A0D3-63F4362CE99C}.Release|Any CPU.Build.0 = Release|Any CPU
		{23D1E9F9-3A1E-4963-8419-879434BA7EA1}.Debug|Any CPU.ActiveCfg = Debug|Any CPU
		{23D1E9F9-3A1E-4963-8419-879434BA7EA1}.Debug|Any CPU.Build.0 = Debug|Any CPU
		{23D1E9F9-3A1E-4963-8419-879434BA7EA1}.Release|Any CPU.ActiveCfg = Release|Any CPU
		{23D1E9F9-3A1E-4963-8419-879434BA7EA1}.Release|Any CPU.Build.0 = Release|Any CPU
	EndGlobalSection
	GlobalSection(SolutionProperties) = preSolution
		HideSolutionNode = FALSE
	EndGlobalSection
	GlobalSection(ExtensibilityGlobals) = postSolution
		SolutionGuid = {7A64E8B2-8562-4071-AAF5-5FD5AFE55596}
	EndGlobalSection
EndGlobal
